Microsoft Visual Studio Solution File, Format Version 12.00
# Visual Studio 2012
Project("{FAE04EC0-301F-11D3-BF4B-00C04F79EFBC}") = "Cozy Game", "Cozy Game.csproj", "{C5116F92-57C8-4D89-B7E2-1D40DD32BCFE}"
EndProject
Global
	GlobalSection(SolutionConfigurationPlatforms) = preSolution
	Debug|Any CPU = Debug|Any CPU
	ExportDebug|Any CPU = ExportDebug|Any CPU
	ExportRelease|Any CPU = ExportRelease|Any CPU
	EndGlobalSection
	GlobalSection(ProjectConfigurationPlatforms) = postSolution
		{C5116F92-57C8-4D89-B7E2-1D40DD32BCFE}.Debug|Any CPU.ActiveCfg = Debug|Any CPU
		{C5116F92-57C8-4D89-B7E2-1D40DD32BCFE}.Debug|Any CPU.Build.0 = Debug|Any CPU
		{C5116F92-57C8-4D89-B7E2-1D40DD32BCFE}.ExportDebug|Any CPU.ActiveCfg = ExportDebug|Any CPU
		{C5116F92-57C8-4D89-B7E2-1D40DD32BCFE}.ExportDebug|Any CPU.Build.0 = ExportDebug|Any CPU
		{C5116F92-57C8-4D89-B7E2-1D40DD32BCFE}.ExportRelease|Any CPU.ActiveCfg = ExportRelease|Any CPU
		{C5116F92-57C8-4D89-B7E2-1D40DD32BCFE}.ExportRelease|Any CPU.Build.0 = ExportRelease|Any CPU
	EndGlobalSection
EndGlobal
